
Microsoft Visual Studio Solution File, Format Version 12.00
# Visual Studio Version 17
VisualStudioVersion = 17.11.35327.3
MinimumVisualStudioVersion = 10.0.40219.1
Project("{FAE04EC0-301F-11D3-BF4B-00C04F79EFBC}") = "TrueSpot", "TrueSpot\TrueSpot.csproj", "{9EC14D30-6ADA-421D-AC60-98C6AD99EDFE}"
EndProject
Global
	GlobalSection(SolutionConfigurationPlatforms) = preSolution
		Debug|Any CPU = Debug|Any CPU
		Release|Any CPU = Release|Any CPU
	EndGlobalSection
	GlobalSection(ProjectConfigurationPlatforms) = postSolution
		{9EC14D30-6ADA-421D-AC60-98C6AD99EDFE}.Debug|Any CPU.ActiveCfg = Debug|Any CPU
		{9EC14D30-6ADA-421D-AC60-98C6AD99EDFE}.Debug|Any CPU.Build.0 = Debug|Any CPU
		{9EC14D30-6ADA-421D-AC60-98C6AD99EDFE}.Debug|Any CPU.Deploy.0 = Debug|Any CPU
		{9EC14D30-6ADA-421D-AC60-98C6AD99EDFE}.Release|Any CPU.ActiveCfg = Release|Any CPU
		{9EC14D30-6ADA-421D-AC60-98C6AD99EDFE}.Release|Any CPU.Build.0 = Release|Any CPU
		{9EC14D30-6ADA-421D-AC60-98C6AD99EDFE}.Release|Any CPU.Deploy.0 = Release|Any CPU
	EndGlobalSection
	GlobalSection(SolutionProperties) = preSolution
		HideSolutionNode = FALSE
	EndGlobalSection
	GlobalSection(ExtensibilityGlobals) = postSolution
		SolutionGuid = {A626584D-CE24-4594-B487-5A65C55F5064}
	EndGlobalSection
EndGlobal
